
Microsoft Visual Studio Solution File, Format Version 12.00
# Visual Studio 15
VisualStudioVersion = 15.0.28307.960
MinimumVisualStudioVersion = 10.0.40219.1
Project("{FAE04EC0-301F-11D3-BF4B-00C04F79EFBC}") = "WSBNports", "WSBNports\WSBNports.csproj", "{6A7E3EBA-E6DE-453B-A78D-C0D5F4044DDB}"
EndProject
Global
	GlobalSection(SolutionConfigurationPlatforms) = preSolution
		Debug|Any CPU = Debug|Any CPU
		Release|Any CPU = Release|Any CPU
	EndGlobalSection
	GlobalSection(ProjectConfigurationPlatforms) = postSolution
		{6A7E3EBA-E6DE-453B-A78D-C0D5F4044DDB}.Debug|Any CPU.ActiveCfg = Debug|Any CPU
		{6A7E3EBA-E6DE-453B-A78D-C0D5F4044DDB}.Debug|Any CPU.Build.0 = Debug|Any CPU
		{6A7E3EBA-E6DE-453B-A78D-C0D5F4044DDB}.Release|Any CPU.ActiveCfg = Release|Any CPU
		{6A7E3EBA-E6DE-453B-A78D-C0D5F4044DDB}.Release|Any CPU.Build.0 = Release|Any CPU
	EndGlobalSection
	GlobalSection(SolutionProperties) = preSolution
		HideSolutionNode = FALSE
	EndGlobalSection
	GlobalSection(ExtensibilityGlobals) = postSolution
		SolutionGuid = {A1FEFF01-195C-46C4-9E78-0A933529DE53}
	EndGlobalSection
EndGlobal
